
Microsoft Visual Studio Solution File, Format Version 12.00
# Visual Studio Version 16
VisualStudioVersion = 16.0.31005.135
MinimumVisualStudioVersion = 10.0.40219.1
Project("{9A19103F-16F7-4668-BE54-9A1E7A4F7556}") = "ConsoleUI", "ConsoleUI.csproj", "{722996F6-7EFF-44C9-82A7-4688A06BE523}"
EndProject
Project("{9A19103F-16F7-4668-BE54-9A1E7A4F7556}") = "Singleton.Library", "..\SingletonLibrary\Singleton.Library.csproj", "{99400097-7378-440A-99CD-36CA9088CC52}"
EndProject
Global
	GlobalSection(SolutionConfigurationPlatforms) = preSolution
		Debug|Any CPU = Debug|Any CPU
		Release|Any CPU = Release|Any CPU
	EndGlobalSection
	GlobalSection(ProjectConfigurationPlatforms) = postSolution
		{722996F6-7EFF-44C9-82A7-4688A06BE523}.Debug|Any CPU.ActiveCfg = Debug|Any CPU
		{722996F6-7EFF-44C9-82A7-4688A06BE523}.Debug|Any CPU.Build.0 = Debug|Any CPU
		{722996F6-7EFF-44C9-82A7-4688A06BE523}.Release|Any CPU.ActiveCfg = Release|Any CPU
		{722996F6-7EFF-44C9-82A7-4688A06BE523}.Release|Any CPU.Build.0 = Release|Any CPU
		{99400097-7378-440A-99CD-36CA9088CC52}.Debug|Any CPU.ActiveCfg = Debug|Any CPU
		{99400097-7378-440A-99CD-36CA9088CC52}.Debug|Any CPU.Build.0 = Debug|Any CPU
		{99400097-7378-440A-99CD-36CA9088CC52}.Release|Any CPU.ActiveCfg = Release|Any CPU
		{99400097-7378-440A-99CD-36CA9088CC52}.Release|Any CPU.Build.0 = Release|Any CPU
	EndGlobalSection
	GlobalSection(SolutionProperties) = preSolution
		HideSolutionNode = FALSE
	EndGlobalSection
	GlobalSection(ExtensibilityGlobals) = postSolution
		SolutionGuid = {B2BE2F40-6C50-4D86-950F-B074D55E8EFB}
	EndGlobalSection
EndGlobal
