
Microsoft Visual Studio Solution File, Format Version 12.00
# Visual Studio Version 16
VisualStudioVersion = 16.0.31321.278
MinimumVisualStudioVersion = 10.0.40219.1
Project("{FAE04EC0-301F-11D3-BF4B-00C04F79EFBC}") = "ConsoleUI", "ConsoleUI\ConsoleUI.csproj", "{2FF75910-AC51-4220-A8BB-4AB512424D9E}"
EndProject
Project("{FAE04EC0-301F-11D3-BF4B-00C04F79EFBC}") = "Domain", "Domain\Domain.csproj", "{871441A7-0EE2-4D7B-AA50-0C727C8F8399}"
EndProject
Global
	GlobalSection(SolutionConfigurationPlatforms) = preSolution
		Debug|Any CPU = Debug|Any CPU
		Release|Any CPU = Release|Any CPU
	EndGlobalSection
	GlobalSection(ProjectConfigurationPlatforms) = postSolution
		{2FF75910-AC51-4220-A8BB-4AB512424D9E}.Debug|Any CPU.ActiveCfg = Debug|Any CPU
		{2FF75910-AC51-4220-A8BB-4AB512424D9E}.Debug|Any CPU.Build.0 = Debug|Any CPU
		{2FF75910-AC51-4220-A8BB-4AB512424D9E}.Release|Any CPU.ActiveCfg = Release|Any CPU
		{2FF75910-AC51-4220-A8BB-4AB512424D9E}.Release|Any CPU.Build.0 = Release|Any CPU
		{871441A7-0EE2-4D7B-AA50-0C727C8F8399}.Debug|Any CPU.ActiveCfg = Debug|Any CPU
		{871441A7-0EE2-4D7B-AA50-0C727C8F8399}.Debug|Any CPU.Build.0 = Debug|Any CPU
		{871441A7-0EE2-4D7B-AA50-0C727C8F8399}.Release|Any CPU.ActiveCfg = Release|Any CPU
		{871441A7-0EE2-4D7B-AA50-0C727C8F8399}.Release|Any CPU.Build.0 = Release|Any CPU
	EndGlobalSection
	GlobalSection(SolutionProperties) = preSolution
		HideSolutionNode = FALSE
	EndGlobalSection
	GlobalSection(ExtensibilityGlobals) = postSolution
		SolutionGuid = {5142E863-25E5-4C4C-8443-4272868E0827}
	EndGlobalSection
EndGlobal
