
Microsoft Visual Studio Solution File, Format Version 12.00
# Visual Studio Version 16
VisualStudioVersion = 16.0.31321.278
MinimumVisualStudioVersion = 10.0.40219.1
Project("{FAE04EC0-301F-11D3-BF4B-00C04F79EFBC}") = "ConsoleUI", "ConsoleUI\ConsoleUI.csproj", "{AA18A0F2-EF58-48AD-9587-A3C41AB1B43A}"
EndProject
Project("{FAE04EC0-301F-11D3-BF4B-00C04F79EFBC}") = "Domain", "Domain\Domain.csproj", "{46781835-B518-403F-97CA-5117B8E3C0EA}"
EndProject
Global
	GlobalSection(SolutionConfigurationPlatforms) = preSolution
		Debug|Any CPU = Debug|Any CPU
		Release|Any CPU = Release|Any CPU
	EndGlobalSection
	GlobalSection(ProjectConfigurationPlatforms) = postSolution
		{AA18A0F2-EF58-48AD-9587-A3C41AB1B43A}.Debug|Any CPU.ActiveCfg = Debug|Any CPU
		{AA18A0F2-EF58-48AD-9587-A3C41AB1B43A}.Debug|Any CPU.Build.0 = Debug|Any CPU
		{AA18A0F2-EF58-48AD-9587-A3C41AB1B43A}.Release|Any CPU.ActiveCfg = Release|Any CPU
		{AA18A0F2-EF58-48AD-9587-A3C41AB1B43A}.Release|Any CPU.Build.0 = Release|Any CPU
		{46781835-B518-403F-97CA-5117B8E3C0EA}.Debug|Any CPU.ActiveCfg = Debug|Any CPU
		{46781835-B518-403F-97CA-5117B8E3C0EA}.Debug|Any CPU.Build.0 = Debug|Any CPU
		{46781835-B518-403F-97CA-5117B8E3C0EA}.Release|Any CPU.ActiveCfg = Release|Any CPU
		{46781835-B518-403F-97CA-5117B8E3C0EA}.Release|Any CPU.Build.0 = Release|Any CPU
	EndGlobalSection
	GlobalSection(SolutionProperties) = preSolution
		HideSolutionNode = FALSE
	EndGlobalSection
	GlobalSection(ExtensibilityGlobals) = postSolution
		SolutionGuid = {19E85789-F3CE-4901-96C7-DED3AE30FC09}
	EndGlobalSection
EndGlobal
